
Microsoft Visual Studio Solution File, Format Version 12.00
# Visual Studio Version 16
VisualStudioVersion = 16.0.32630.194
MinimumVisualStudioVersion = 10.0.40219.1
Project("{9A19103F-16F7-4668-BE54-9A1E7A4F7556}") = "KampIntro", "KampIntro\KampIntro.csproj", "{AE59EDCD-65ED-45DE-AEC4-B96B0ADB4BD6}"
EndProject
Project("{9A19103F-16F7-4668-BE54-9A1E7A4F7556}") = "Metotlar", "Metotlar\Metotlar.csproj", "{4663F3B9-E0C0-4149-91BD-91BA47FC37F5}"
EndProject
Project("{9A19103F-16F7-4668-BE54-9A1E7A4F7556}") = "Matematik", "Matematik\Matematik.csproj", "{F8D09D24-A308-477A-859E-720FDD5F8FE5}"
EndProject
Project("{9A19103F-16F7-4668-BE54-9A1E7A4F7556}") = "DegerVeReferansTipler", "DegerVeReferansTipler\DegerVeReferansTipler.csproj", "{EA0B82F5-6DEB-4224-9E46-18831C39A229}"
EndProject
Project("{9A19103F-16F7-4668-BE54-9A1E7A4F7556}") = "OOP1", "OOP1\OOP1.csproj", "{FC1F3B89-AB14-40AB-A544-0E3E400B7E66}"
EndProject
Project("{9A19103F-16F7-4668-BE54-9A1E7A4F7556}") = "Koleksiyonlar", "Koleksiyonlar\Koleksiyonlar.csproj", "{59E57016-0A09-4DD9-B423-8EE58C09774B}"
EndProject
Project("{9A19103F-16F7-4668-BE54-9A1E7A4F7556}") = "GenericsIntro", "GenericsIntro\GenericsIntro.csproj", "{A15697BB-F59F-4065-89C6-10E51A978072}"
EndProject
Project("{9A19103F-16F7-4668-BE54-9A1E7A4F7556}") = "OOP2", "OOP2\OOP2.csproj", "{89E63286-0E00-4181-9EC0-64DC95CE32B6}"
EndProject
Project("{9A19103F-16F7-4668-BE54-9A1E7A4F7556}") = "OOP3", "OOP3\OOP3.csproj", "{24FB7429-71DF-4F13-8FE4-2E0B44D6DDAF}"
EndProject
Project("{FAE04EC0-301F-11D3-BF4B-00C04F79EFBC}") = "GameProjectDemo", "GameProjectDemo\GameProjectDemo.csproj", "{C42434C3-666B-412C-AC54-345DD2A68D4E}"
EndProject
Global
	GlobalSection(SolutionConfigurationPlatforms) = preSolution
		Debug|Any CPU = Debug|Any CPU
		Release|Any CPU = Release|Any CPU
	EndGlobalSection
	GlobalSection(ProjectConfigurationPlatforms) = postSolution
		{AE59EDCD-65ED-45DE-AEC4-B96B0ADB4BD6}.Debug|Any CPU.ActiveCfg = Debug|Any CPU
		{AE59EDCD-65ED-45DE-AEC4-B96B0ADB4BD6}.Debug|Any CPU.Build.0 = Debug|Any CPU
		{AE59EDCD-65ED-45DE-AEC4-B96B0ADB4BD6}.Release|Any CPU.ActiveCfg = Release|Any CPU
		{AE59EDCD-65ED-45DE-AEC4-B96B0ADB4BD6}.Release|Any CPU.Build.0 = Release|Any CPU
		{4663F3B9-E0C0-4149-91BD-91BA47FC37F5}.Debug|Any CPU.ActiveCfg = Debug|Any CPU
		{4663F3B9-E0C0-4149-91BD-91BA47FC37F5}.Debug|Any CPU.Build.0 = Debug|Any CPU
		{4663F3B9-E0C0-4149-91BD-91BA47FC37F5}.Release|Any CPU.ActiveCfg = Release|Any CPU
		{4663F3B9-E0C0-4149-91BD-91BA47FC37F5}.Release|Any CPU.Build.0 = Release|Any CPU
		{F8D09D24-A308-477A-859E-720FDD5F8FE5}.Debug|Any CPU.ActiveCfg = Debug|Any CPU
		{F8D09D24-A308-477A-859E-720FDD5F8FE5}.Debug|Any CPU.Build.0 = Debug|Any CPU
		{F8D09D24-A308-477A-859E-720FDD5F8FE5}.Release|Any CPU.ActiveCfg = Release|Any CPU
		{F8D09D24-A308-477A-859E-720FDD5F8FE5}.Release|Any CPU.Build.0 = Release|Any CPU
		{EA0B82F5-6DEB-4224-9E46-18831C39A229}.Debug|Any CPU.ActiveCfg = Debug|Any CPU
		{EA0B82F5-6DEB-4224-9E46-18831C39A229}.Debug|Any CPU.Build.0 = Debug|Any CPU
		{EA0B82F5-6DEB-4224-9E46-18831C39A229}.Release|Any CPU.ActiveCfg = Release|Any CPU
		{EA0B82F5-6DEB-4224-9E46-18831C39A229}.Release|Any CPU.Build.0 = Release|Any CPU
		{FC1F3B89-AB14-40AB-A544-0E3E400B7E66}.Debug|Any CPU.ActiveCfg = Debug|Any CPU
		{FC1F3B89-AB14-40AB-A544-0E3E400B7E66}.Debug|Any CPU.Build.0 = Debug|Any CPU
		{FC1F3B89-AB14-40AB-A544-0E3E400B7E66}.Release|Any CPU.ActiveCfg = Release|Any CPU
		{FC1F3B89-AB14-40AB-A544-0E3E400B7E66}.Release|Any CPU.Build.0 = Release|Any CPU
		{59E57016-0A09-4DD9-B423-8EE58C09774B}.Debug|Any CPU.ActiveCfg = Debug|Any CPU
		{59E57016-0A09-4DD9-B423-8EE58C09774B}.Debug|Any CPU.Build.0 = Debug|Any CPU
		{59E57016-0A09-4DD9-B423-8EE58C09774B}.Release|Any CPU.ActiveCfg = Release|Any CPU
		{59E57016-0A09-4DD9-B423-8EE58C09774B}.Release|Any CPU.Build.0 = Release|Any CPU
		{A15697BB-F59F-4065-89C6-10E51A978072}.Debug|Any CPU.ActiveCfg = Debug|Any CPU
		{A15697BB-F59F-4065-89C6-10E51A978072}.Debug|Any CPU.Build.0 = Debug|Any CPU
		{A15697BB-F59F-4065-89C6-10E51A978072}.Release|Any CPU.ActiveCfg = Release|Any CPU
		{A15697BB-F59F-4065-89C6-10E51A978072}.Release|Any CPU.Build.0 = Release|Any CPU
		{89E63286-0E00-4181-9EC0-64DC95CE32B6}.Debug|Any CPU.ActiveCfg = Debug|Any CPU
		{89E63286-0E00-4181-9EC0-64DC95CE32B6}.Debug|Any CPU.Build.0 = Debug|Any CPU
		{89E63286-0E00-4181-9EC0-64DC95CE32B6}.Release|Any CPU.ActiveCfg = Release|Any CPU
		{89E63286-0E00-4181-9EC0-64DC95CE32B6}.Release|Any CPU.Build.0 = Release|Any CPU
		{24FB7429-71DF-4F13-8FE4-2E0B44D6DDAF}.Debug|Any CPU.ActiveCfg = Debug|Any CPU
		{24FB7429-71DF-4F13-8FE4-2E0B44D6DDAF}.Debug|Any CPU.Build.0 = Debug|Any CPU
		{24FB7429-71DF-4F13-8FE4-2E0B44D6DDAF}.Release|Any CPU.ActiveCfg = Release|Any CPU
		{24FB7429-71DF-4F13-8FE4-2E0B44D6DDAF}.Release|Any CPU.Build.0 = Release|Any CPU
		{C42434C3-666B-412C-AC54-345DD2A68D4E}.Debug|Any CPU.ActiveCfg = Debug|Any CPU
		{C42434C3-666B-412C-AC54-345DD2A68D4E}.Debug|Any CPU.Build.0 = Debug|Any CPU
		{C42434C3-666B-412C-AC54-345DD2A68D4E}.Release|Any CPU.ActiveCfg = Release|Any CPU
		{C42434C3-666B-412C-AC54-345DD2A68D4E}.Release|Any CPU.Build.0 = Release|Any CPU
	EndGlobalSection
	GlobalSection(SolutionProperties) = preSolution
		HideSolutionNode = FALSE
	EndGlobalSection
	GlobalSection(ExtensibilityGlobals) = postSolution
		SolutionGuid = {08445883-AAD2-4347-8560-27B36AE45CFD}
	EndGlobalSection
EndGlobal
